[{<<"ncalendar">>,
  {git,"git@github.com:nomasystems/ncalendar.git",
       {ref,"0237766de898145bbd55bb26eef8917535f341ca"}},
  1},
 {<<"ndto">>,
  {git,"git@github.com:nomasystems/ndto.git",
       {ref,"02890286d8846f6e0449b815b2d494edb4a9fa8f"}},
  0},
 {<<"njson">>,
  {git,"git@github.com:nomasystems/njson.git",
       {ref,"b230b3e6fb5e35320aeaa203762f3f12277c9970"}},
  1}].
